# This file is automatically @generated by Cargo.
# It is not intended for manual editing.
version = 3

[[package]]
name = "arbitrary"
version = "0.4.7"
source = "registry+https://github.com/rust-lang/crates.io-index"
checksum = "db55d72333851e17d572bec876e390cd3b11eb1ef53ae821dd9f3b653d2b4569"

[[package]]
name = "bindings"
version = "0.1.0"

[[package]]
name = "honggfuzz"
version = "0.5.51"
source = "registry+https://github.com/rust-lang/crates.io-index"
checksum = "6f085725a5828d7e959f014f624773094dfe20acc91be310ef106923c30594bc"
dependencies = [
 "arbitrary",
 "lazy_static",
 "memmap",
]

[[package]]
name = "lazy_static"
version = "1.4.0"
source = "registry+https://github.com/rust-lang/crates.io-index"
checksum = "e2abad23fbc42b3700f2f279844dc832adb2b2eb069b2df918f455c4e18cc646"

[[package]]
name = "libc"
version = "0.2.97"
source = "registry+https://github.com/rust-lang/crates.io-index"
checksum = "12b8adadd720df158f4d70dfe7ccc6adb0472d7c55ca83445f6a5ab3e36f8fb6"

[[package]]
name = "memmap"
version = "0.7.0"
source = "registry+https://github.com/rust-lang/crates.io-index"
checksum = "6585fd95e7bb50d6cc31e20d4cf9afb4e2ba16c5846fc76793f11218da9c475b"
dependencies = [
 "libc",
 "winapi",
]

[[package]]
name = "ophelia_logic"
version = "0.1.0"

[[package]]
name = "parsing"
version = "0.1.0"
dependencies = [
 "honggfuzz",
 "ophelia_logic",
]

[[package]]
name = "winapi"
version = "0.3.9"
source = "registry+https://github.com/rust-lang/crates.io-index"
checksum = "5c839a674fcd7a98952e593242ea400abe93992746761e38641405d28b00f419"
dependencies = [
 "winapi-i686-pc-windows-gnu",
 "winapi-x86_64-pc-windows-gnu",
]

[[package]]
name = "winapi-i686-pc-windows-gnu"
version = "0.4.0"
source = "registry+https://github.com/rust-lang/crates.io-index"
checksum = "ac3b87c63620426dd9b991e5ce0329eff545bccbbb34f3be09ff6fb6ab51b7b6"

[[package]]
name = "winapi-x86_64-pc-windows-gnu"
version = "0.4.0"
source = "registry+https://github.com/rust-lang/crates.io-index"
checksum = "712e227841d057c1ee1cd2fb22fa7e5a5461ae8e48fa2ca79ec42cfc1931183f"
